// !$*UTF8*$!
{
	archiveVersion = 1;
	classes = {
	};
	objectVersion = 50;
	objects = {

/* Begin PBXBuildFile section */
		87435FA2216DDE1A00DBD7D7 /* AppDelegate.m in Sources */ = {isa = PBXBuildFile; fileRef = 87435FA1216DDE1A00DBD7D7 /* AppDelegate.m */; };
		87435FA5216DDE1A00DBD7D7 /* ViewController.m in Sources */ = {isa = PBXBuildFile; fileRef = 87435FA4216DDE1A00DBD7D7 /* ViewController.m */; };
		87435FA8216DDE1A00DBD7D7 /* Main.storyboard in Resources */ = {isa = PBXBuildFile; fileRef = 87435FA6216DDE1A00DBD7D7 /* Main.storyboard */; };
		87435FAA216DDE3400DBD7D7 /* Assets.xcassets in Resources */ = {isa = PBXBuildFile; fileRef = 87435FA9216DDE3400DBD7D7 /* Assets.xcassets */; };
		87435FAD216DDE3400DBD7D7 /* LaunchScreen.storyboard in Resources */ = {isa = PBXBuildFile; fileRef = 87435FAB216DDE3400DBD7D7 /* LaunchScreen.storyboard */; };
		87435FB0216DDE3400DBD7D7 /* main.m in Sources */ = {isa = PBXBuildFile; fileRef = 87435FAF216DDE3400DBD7D7 /* main.m */; };
		87435FB8216DE0A100DBD7D7 /* ViewController1.m in Sources */ = {isa = PBXBuildFile; fileRef = 87435FB7216DE0A100DBD7D7 /* ViewController1.m */; };
		87435FBE216DE2CA00DBD7D7 /* SYRoute.m in Sources */ = {isa = PBXBuildFile; fileRef = 87435FBB216DE2CA00DBD7D7 /* SYRoute.m */; };
		87435FC1216DE4A400DBD7D7 /* RouterData.plist in Resources */ = {isa = PBXBuildFile; fileRef = 87435FC0216DE4A400DBD7D7 /* RouterData.plist */; };
/* End PBXBuildFile section */

/* Begin PBXFileReference section */
		87435F9D216DDE1900DBD7D7 /* SYModule_Route.app */ = {isa = PBXFileReference; explicitFileType = wrapper.application; includeInIndex = 0; path = SYModule_Route.app; sourceTree = BUILT_PRODUCTS_DIR; };
		87435FA0216DDE1A00DBD7D7 /* AppDelegate.h */ = {isa = PBXFileReference; lastKnownFileType = sourcecode.c.h; path = AppDelegate.h; sourceTree = "<group>"; };
		87435FA1216DDE1A00DBD7D7 /* AppDelegate.m */ = {isa = PBXFileReference; lastKnownFileType = sourcecode.c.objc; path = AppDelegate.m; sourceTree = "<group>"; };
		87435FA3216DDE1A00DBD7D7 /* ViewController.h */ = {isa = PBXFileReference; lastKnownFileType = sourcecode.c.h; path = ViewController.h; sourceTree = "<group>"; };
		87435FA4216DDE1A00DBD7D7 /* ViewController.m */ = {isa = PBXFileReference; lastKnownFileType = sourcecode.c.objc; path = ViewController.m; sourceTree = "<group>"; };
		87435FA7216DDE1A00DBD7D7 /* Base */ = {isa = PBXFileReference; lastKnownFileType = file.storyboard; name = Base; path = Base.lproj/Main.storyboard; sourceTree = "<group>"; };
		87435FA9216DDE3400DBD7D7 /* Assets.xcassets */ = {isa = PBXFileReference; lastKnownFileType = folder.assetcatalog; path = Assets.xcassets; sourceTree = "<group>"; };
		87435FAC216DDE3400DBD7D7 /* Base */ = {isa = PBXFileReference; lastKnownFileType = file.storyboard; name = Base; path = Base.lproj/LaunchScreen.storyboard; sourceTree = "<group>"; };
		87435FAE216DDE3400DBD7D7 /* Info.plist */ = {isa = PBXFileReference; lastKnownFileType = text.plist.xml; path = Info.plist; sourceTree = "<group>"; };
		87435FAF216DDE3400DBD7D7 /* main.m */ = {isa = PBXFileReference; lastKnownFileType = sourcecode.c.objc; path = main.m; sourceTree = "<group>"; };
		87435FB6216DE0A100DBD7D7 /* ViewController1.h */ = {isa = PBXFileReference; lastKnownFileType = sourcecode.c.h; path = ViewController1.h; sourceTree = "<group>"; };
		87435FB7216DE0A100DBD7D7 /* ViewController1.m */ = {isa = PBXFileReference; lastKnownFileType = sourcecode.c.objc; path = ViewController1.m; sourceTree = "<group>"; };
		87435FBB216DE2CA00DBD7D7 /* SYRoute.m */ = {isa = PBXFileReference; fileEncoding = 4; lastKnownFileType = sourcecode.c.objc; path = SYRoute.m; sourceTree = "<group>"; };
		87435FBD216DE2CA00DBD7D7 /* SYRoute.h */ = {isa = PBXFileReference; fileEncoding = 4; lastKnownFileType = sourcecode.c.h; path = SYRoute.h; sourceTree = "<group>"; };
		87435FC0216DE4A400DBD7D7 /* RouterData.plist */ = {isa = PBXFileReference; fileEncoding = 4; lastKnownFileType = text.plist.xml; path = RouterData.plist; sourceTree = "<group>"; };
/* End PBXFileReference section */

/* Begin PBXFrameworksBuildPhase section */
		87435F9A216DDE1900DBD7D7 /* Frameworks */ = {
			isa = PBXFrameworksBuildPhase;
			buildActionMask = 2147483647;
			files = (
			);
			runOnlyForDeploymentPostprocessing = 0;
		};
/* End PBXFrameworksBuildPhase section */

/* Begin PBXGroup section */
		87435F94216DDE1900DBD7D7 = {
			isa = PBXGroup;
			children = (
				87435F9F216DDE1900DBD7D7 /* SYModule_Route */,
				87435F9E216DDE1900DBD7D7 /* Products */,
			);
			sourceTree = "<group>";
		};
		87435F9E216DDE1900DBD7D7 /* Products */ = {
			isa = PBXGroup;
			children = (
				87435F9D216DDE1900DBD7D7 /* SYModule_Route.app */,
			);
			name = Products;
			sourceTree = "<group>";
		};
		87435F9F216DDE1900DBD7D7 /* SYModule_Route */ = {
			isa = PBXGroup;
			children = (
				87435FB9216DE29E00DBD7D7 /* SYRoute */,
				87435FA0216DDE1A00DBD7D7 /* AppDelegate.h */,
				87435FA1216DDE1A00DBD7D7 /* AppDelegate.m */,
				87435FA3216DDE1A00DBD7D7 /* ViewController.h */,
				87435FA4216DDE1A00DBD7D7 /* ViewController.m */,
				87435FB6216DE0A100DBD7D7 /* ViewController1.h */,
				87435FB7216DE0A100DBD7D7 /* ViewController1.m */,
				87435FA6216DDE1A00DBD7D7 /* Main.storyboard */,
				87435FA9216DDE3400DBD7D7 /* Assets.xcassets */,
				87435FAB216DDE3400DBD7D7 /* LaunchScreen.storyboard */,
				87435FAE216DDE3400DBD7D7 /* Info.plist */,
				87435FAF216DDE3400DBD7D7 /* main.m */,
			);
			path = SYModule_Route;
			sourceTree = "<group>";
		};
		87435FB9216DE29E00DBD7D7 /* SYRoute */ = {
			isa = PBXGroup;
			children = (
				87435FC0216DE4A400DBD7D7 /* RouterData.plist */,
				87435FBD216DE2CA00DBD7D7 /* SYRoute.h */,
				87435FBB216DE2CA00DBD7D7 /* SYRoute.m */,
			);
			path = SYRoute;
			sourceTree = "<group>";
		};
/* End PBXGroup section */

/* Begin PBXNativeTarget section */
		87435F9C216DDE1900DBD7D7 /* SYModule_Route */ = {
			isa = PBXNativeTarget;
			buildConfigurationList = 87435FB3216DDE3400DBD7D7 /* Build configuration list for PBXNativeTarget "SYModule_Route" */;
			buildPhases = (
				87435F99216DDE1900DBD7D7 /* Sources */,
				87435F9A216DDE1900DBD7D7 /* Frameworks */,
				87435F9B216DDE1900DBD7D7 /* Resources */,
			);
			buildRules = (
			);
			dependencies = (
			);
			name = SYModule_Route;
			productName = SYModule_Route;
			productReference = 87435F9D216DDE1900DBD7D7 /* SYModule_Route.app */;
			productType = "com.apple.product-type.application";
		};
/* End PBXNativeTarget section */

/* Begin PBXProject section */
		87435F95216DDE1900DBD7D7 /* Project object */ = {
			isa = PBXProject;
			attributes = {
				LastUpgradeCheck = 0940;
				ORGANIZATIONNAME = nuckyLee;
				TargetAttributes = {
					87435F9C216DDE1900DBD7D7 = {
						CreatedOnToolsVersion = 9.4.1;
					};
				};
			};
			buildConfigurationList = 87435F98216DDE1900DBD7D7 /* Build configuration list for PBXProject "SYModule_Route" */;
			compatibilityVersion = "Xcode 9.3";
			developmentRegion = en;
			hasScannedForEncodings = 0;
			knownRegions = (
				en,
				Base,
			);
			mainGroup = 87435F94216DDE1900DBD7D7;
			productRefGroup = 87435F9E216DDE1900DBD7D7 /* Products */;
			projectDirPath = "";
			projectRoot = "";
			targets = (
				87435F9C216DDE1900DBD7D7 /* SYModule_Route */,
			);
		};
/* End PBXProject section */

/* Begin PBXResourcesBuildPhase section */
		87435F9B216DDE1900DBD7D7 /* Resources */ = {
			isa = PBXResourcesBuildPhase;
			buildActionMask = 2147483647;
			files = (
				87435FAD216DDE3400DBD7D7 /* LaunchScreen.storyboard in Resources */,
				87435FC1216DE4A400DBD7D7 /* RouterData.plist in Resources */,
				87435FAA216DDE3400DBD7D7 /* Assets.xcassets in Resources */,
				87435FA8216DDE1A00DBD7D7 /* Main.storyboard in Resources */,
			);
			runOnlyForDeploymentPostprocessing = 0;
		};
/* End PBXResourcesBuildPhase section */

/* Begin PBXSourcesBuildPhase section */
		87435F99216DDE1900DBD7D7 /* Sources */ = {
			isa = PBXSourcesBuildPhase;
			buildActionMask = 2147483647;
			files = (
				87435FB8216DE0A100DBD7D7 /* ViewController1.m in Sources */,
				87435FA5216DDE1A00DBD7D7 /* ViewController.m in Sources */,
				87435FBE216DE2CA00DBD7D7 /* SYRoute.m in Sources */,
				87435FB0216DDE3400DBD7D7 /* main.m in Sources */,
				87435FA2216DDE1A00DBD7D7 /* AppDelegate.m in Sources */,
			);
			runOnlyForDeploymentPostprocessing = 0;
		};
/* End PBXSourcesBuildPhase section */

/* Begin PBXVariantGroup section */
		87435FA6216DDE1A00DBD7D7 /* Main.storyboard */ = {
			isa = PBXVariantGroup;
			children = (
				87435FA7216DDE1A00DBD7D7 /* Base */,
			);
			name = Main.storyboard;
			sourceTree = "<group>";
		};
		87435FAB216DDE3400DBD7D7 /* LaunchScreen.storyboard */ = {
			isa = PBXVariantGroup;
			children = (
				87435FAC216DDE3400DBD7D7 /* Base */,
			);
			name = LaunchScreen.storyboard;
			sourceTree = "<group>";
		};
/* End PBXVariantGroup section */

/* Begin XCBuildConfiguration section */
		87435FB1216DDE3400DBD7D7 /* Debug */ = {
			isa = XCBuildConfiguration;
			buildSettings = {
				ALWAYS_SEARCH_USER_PATHS = NO;
				CLANG_ANALYZER_NONNULL = YES;
				CLANG_ANALYZER_NUMBER_OBJECT_CONVERSION = YES_AGGRESSIVE;
				CLANG_CXX_LANGUAGE_STANDARD = "gnu++14";
				CLANG_CXX_LIBRARY = "libc++";
				CLANG_ENABLE_MODULES = YES;
				CLANG_ENABLE_OBJC_ARC = YES;
				CLANG_ENABLE_OBJC_WEAK = YES;
				CLANG_WARN_BLOCK_CAPTURE_AUTORELEASING = YES;
				CLANG_WARN_BOOL_CONVERSION = YES;
				CLANG_WARN_COMMA = YES;
				CLANG_WARN_CONSTANT_CONVERSION = YES;
				CLANG_WARN_DEPRECATED_OBJC_IMPLEMENTATIONS = YES;
				CLANG_WARN_DIRECT_OBJC_ISA_USAGE = YES_ERROR;
				CLANG_WARN_DOCUMENTATION_COMMENTS = YES;
				CLANG_WARN_EMPTY_BODY = YES;
				CLANG_WARN_ENUM_CONVERSION = YES;
				CLANG_WARN_INFINITE_RECURSION = YES;
				CLANG_WARN_INT_CONVERSION = YES;
				CLANG_WARN_NON_LITERAL_NULL_CONVERSION = YES;
				CLANG_WARN_OBJC_IMPLICIT_RETAIN_SELF = YES;
				CLANG_WARN_OBJC_LITERAL_CONVERSION = YES;
				CLANG_WARN_OBJC_ROOT_CLASS = YES_ERROR;
				CLANG_WARN_RANGE_LOOP_ANALYSIS = YES;
				CLANG_WARN_STRICT_PROTOTYPES = YES;
				CLANG_WARN_SUSPICIOUS_MOVE = YES;
				CLANG_WARN_UNGUARDED_AVAILABILITY = YES_AGGRESSIVE;
				CLANG_WARN_UNREACHABLE_CODE = YES;
				CLANG_WARN__DUPLICATE_METHOD_MATCH = YES;
				CODE_SIGN_IDENTITY = "iPhone Developer";
				COPY_PHASE_STRIP = NO;
				DEBUG_INFORMATION_FORMAT = dwarf;
				ENABLE_STRICT_OBJC_MSGSEND = YES;
				ENABLE_TESTABILITY = YES;
				GCC_C_LANGUAGE_STANDARD = gnu11;
				GCC_DYNAMIC_NO_PIC = NO;
				GCC_NO_COMMON_BLOCKS = YES;
				GCC_OPTIMIZATION_LEVEL = 0;
				GCC_PREPROCESSOR_DEFINITIONS = (
					"DEBUG=1",
					"$(inherited)",
				);
				GCC_WARN_64_TO_32_BIT_CONVERSION = YES;
				GCC_WARN_ABOUT_RETURN_TYPE = YES_ERROR;
				GCC_WARN_UNDECLARED_SELECTOR = YES;
				GCC_WARN_UNINITIALIZED_AUTOS = YES_AGGRESSIVE;
				GCC_WARN_UNUSED_FUNCTION = YES;
				GCC_WARN_UNUSED_VARIABLE = YES;
				IPHONEOS_DEPLOYMENT_TARGET = 11.4;
				MTL_ENABLE_DEBUG_INFO = YES;
				ONLY_ACTIVE_ARCH = YES;
				SDKROOT = iphoneos;
			};
			name = Debug;
		};
		87435FB2216DDE3400DBD7D7 /* Release */ = {
			isa = XCBuildConfiguration;
			buildSettings = {
				ALWAYS_SEARCH_USER_PATHS = NO;
				CLANG_ANALYZER_NONNULL = YES;
				CLANG_ANALYZER_NUMBER_OBJECT_CONVERSION = YES_AGGRESSIVE;
				CLANG_CXX_LANGUAGE_STANDARD = "gnu++14";
				CLANG_CXX_LIBRARY = "libc++";
				CLANG_ENABLE_MODULES = YES;
				CLANG_ENABLE_OBJC_ARC = YES;
				CLANG_ENABLE_OBJC_WEAK = YES;
				CLANG_WARN_BLOCK_CAPTURE_AUTORELEASING = YES;
				CLANG_WARN_BOOL_CONVERSION = YES;
				CLANG_WARN_COMMA = YES;
				CLANG_WARN_CONSTANT_CONVERSION = YES;
				CLANG_WARN_DEPRECATED_OBJC_IMPLEMENTATIONS = YES;
				CLANG_WARN_DIRECT_OBJC_ISA_USAGE = YES_ERROR;
				CLANG_WARN_DOCUMENTATION_COMMENTS = YES;
				CLANG_WARN_EMPTY_BODY = YES;
				CLANG_WARN_ENUM_CONVERSION = YES;
				CLANG_WARN_INFINITE_RECURSION = YES;
				CLANG_WARN_INT_CONVERSION = YES;
				CLANG_WARN_NON_LITERAL_NULL_CONVERSION = YES;
				CLANG_WARN_OBJC_IMPLICIT_RETAIN_SELF = YES;
				CLANG_WARN_OBJC_LITERAL_CONVERSION = YES;
				CLANG_WARN_OBJC_ROOT_CLASS = YES_ERROR;
				CLANG_WARN_RANGE_LOOP_ANALYSIS = YES;
				CLANG_WARN_STRICT_PROTOTYPES = YES;
				CLANG_WARN_SUSPICIOUS_MOVE = YES;
				CLANG_WARN_UNGUARDED_AVAILABILITY = YES_AGGRESSIVE;
				CLANG_WARN_UNREACHABLE_CODE = YES;
				CLANG_WARN__DUPLICATE_METHOD_MATCH = YES;
				CODE_SIGN_IDENTITY = "iPhone Developer";
				COPY_PHASE_STRIP = NO;
				DEBUG_INFORMATION_FORMAT = "dwarf-with-dsym";
				ENABLE_NS_ASSERTIONS = NO;
				ENABLE_STRICT_OBJC_MSGSEND = YES;
				GCC_C_LANGUAGE_STANDARD = gnu11;
				GCC_NO_COMMON_BLOCKS = YES;
				GCC_WARN_64_TO_32_BIT_CONVERSION = YES;
				GCC_WARN_ABOUT_RETURN_TYPE = YES_ERROR;
				GCC_WARN_UNDECLARED_SELECTOR = YES;
				GCC_WARN_UNINITIALIZED_AUTOS = YES_AGGRESSIVE;
				GCC_WARN_UNUSED_FUNCTION = YES;
				GCC_WARN_UNUSED_VARIABLE = YES;
				IPHONEOS_DEPLOYMENT_TARGET = 11.4;
				MTL_ENABLE_DEBUG_INFO = NO;
				SDKROOT = iphoneos;
				VALIDATE_PRODUCT = YES;
			};
			name = Release;
		};
		87435FB4216DDE3400DBD7D7 /* Debug */ = {
			isa = XCBuildConfiguration;
			buildSettings = {
				ASSETCATALOG_COMPILER_APPICON_NAME = AppIcon;
				CODE_SIGN_STYLE = Automatic;
				DEVELOPMENT_TEAM = NSWQN9NQXP;
				INFOPLIST_FILE = SYModule_Route/Info.plist;
				LD_RUNPATH_SEARCH_PATHS = (
					"$(inherited)",
					"@executable_path/Frameworks",
				);
				PRODUCT_BUNDLE_IDENTIFIER = "sly.route.com.SYModule-Route";
				PRODUCT_NAME = "$(TARGET_NAME)";
				TARGETED_DEVICE_FAMILY = "1,2";
			};
			name = Debug;
		};
		87435FB5216DDE3400DBD7D7 /* Release */ = {
			isa = XCBuildConfiguration;
			buildSettings = {
				ASSETCATALOG_COMPILER_APPICON_NAME = AppIcon;
				CODE_SIGN_STYLE = Automatic;
				DEVELOPMENT_TEAM = NSWQN9NQXP;
				INFOPLIST_FILE = SYModule_Route/Info.plist;
				LD_RUNPATH_SEARCH_PATHS = (
					"$(inherited)",
					"@executable_path/Frameworks",
				);
				PRODUCT_BUNDLE_IDENTIFIER = "sly.route.com.SYModule-Route";
				PRODUCT_NAME = "$(TARGET_NAME)";
				TARGETED_DEVICE_FAMILY = "1,2";
			};
			name = Release;
		};
/* End XCBuildConfiguration section */

/* Begin XCConfigurationList section */
		87435F98216DDE1900DBD7D7 /* Build configuration list for PBXProject "SYModule_Route" */ = {
			isa = XCConfigurationList;
			buildConfigurations = (
				87435FB1216DDE3400DBD7D7 /* Debug */,
				87435FB2216DDE3400DBD7D7 /* Release */,
			);
			defaultConfigurationIsVisible = 0;
			defaultConfigurationName = Release;
		};
		87435FB3216DDE3400DBD7D7 /* Build configuration list for PBXNativeTarget "SYModule_Route" */ = {
			isa = XCConfigurationList;
			buildConfigurations = (
				87435FB4216DDE3400DBD7D7 /* Debug */,
				87435FB5216DDE3400DBD7D7 /* Release */,
			);
			defaultConfigurationIsVisible = 0;
			defaultConfigurationName = Release;
		};
/* End XCConfigurationList section */
	};
	rootObject = 87435F95216DDE1900DBD7D7 /* Project object */;
}
